<?xml version="1.0" encoding="utf-8"?>
<Project ToolsVersion="4.0" xmlns="http://schemas.microsoft.com/developer/msbuild/2003">
  <ItemGroup>
    <Filter Include="Source Files">
      <UniqueIdentifier>{4FC737F1-C7A5-4376-A066-2A32D752A2FF}</UniqueIdentifier>
      <Extensions>cpp;c;cc;cxx;def;odl;idl;hpj;bat;asm;asmx</Extensions>
    </Filter>
    <Filter Include="Header Files">
      <UniqueIdentifier>{93995380-89BD-4b04-88EB-625FBE52EBFB}</UniqueIdentifier>
      <Extensions>h;hh;hpp;hxx;hm;inl;inc;xsd</Extensions>
    </Filter>
    <Filter Include="Resource Files">
      <UniqueIdentifier>{67DA6AB6-F800-4c08-8B7A-83BB121AAD01}</UniqueIdentifier>
      <Extensions>rc;ico;cur;bmp;dlg;rc2;rct;bin;rgs;gif;jpg;jpeg;jpe;resx;tiff;tif;png;wav;mfcribbon-ms</Extensions>
    </Filter>
    <Filter Include="Solution1">
      <UniqueIdentifier>{3ad99abe-7dfe-4082-b9e8-c7a2270ad8ba}</UniqueIdentifier>
    </Filter>
    <Filter Include="Helpers">
      <UniqueIdentifier>{7e3ee16a-5069-4b42-a8f1-4b48967bc283}</UniqueIdentifier>
    </Filter>
  </ItemGroup>
  <ItemGroup>
    <Text Include="ReadMe.txt" />
  </ItemGroup>
  <ItemGroup>
    <ClInclude Include="stdafx.h">
      <Filter>Header Files</Filter>
    </ClInclude>
    <ClInclude Include="targetver.h">
      <Filter>Header Files</Filter>
    </ClInclude>
  </ItemGroup>
  <ItemGroup>
    <ClCompile Include="stdafx.cpp">
      <Filter>Source Files</Filter>
    </ClCompile>
    <ClCompile Include="Leet2015.cpp">
      <Filter>Source Files</Filter>
    </ClCompile>
    <ClCompile Include="3Sum.cpp">
      <Filter>Solution1</Filter>
    </ClCompile>
    <ClCompile Include="2Sum.cpp">
      <Filter>Solution1</Filter>
    </ClCompile>
    <ClCompile Include="Helpers.cpp">
      <Filter>Helpers</Filter>
    </ClCompile>
    <ClCompile Include="3SumClosest.cpp">
      <Filter>Solution1</Filter>
    </ClCompile>
    <ClCompile Include="4Sum.cpp">
      <Filter>Solution1</Filter>
    </ClCompile>
    <ClCompile Include="AddTwoNumbers.cpp">
      <Filter>Solution1</Filter>
    </ClCompile>
    <ClCompile Include="ListNode.cpp">
      <Filter>Helpers</Filter>
    </ClCompile>
    <ClCompile Include="AddBinary.cpp">
      <Filter>Solution1</Filter>
    </ClCompile>
    <ClCompile Include="Anagrams.cpp">
      <Filter>Solution1</Filter>
    </ClCompile>
    <ClCompile Include="LongestSubStringWithoutRepeatingCharacters.cpp">
      <Filter>Solution1</Filter>
    </ClCompile>
    <ClCompile Include="LongestPalindromicSubString.cpp">
      <Filter>Solution1</Filter>
    </ClCompile>
    <ClCompile Include="LongestCommonPrefix.cpp">
      <Filter>Solution1</Filter>
    </ClCompile>
    <ClCompile Include="LongestValidParentheses.cpp">
      <Filter>Solution1</Filter>
    </ClCompile>
    <ClCompile Include="SearchInRotatedSortedArray.cpp">
      <Filter>Solution1</Filter>
    </ClCompile>
    <ClCompile Include="ReverseInteger.cpp">
      <Filter>Solution1</Filter>
    </ClCompile>
    <ClCompile Include="ReverseBits.cpp">
      <Filter>Solution1</Filter>
    </ClCompile>
    <ClCompile Include="ReverseWordsInAString.cpp">
      <Filter>Solution1</Filter>
    </ClCompile>
    <ClCompile Include="ReverseWordsInAStringII.cpp">
      <Filter>Solution1</Filter>
    </ClCompile>
    <ClCompile Include="ReverseLinkedListII.cpp">
      <Filter>Solution1</Filter>
    </ClCompile>
    <ClCompile Include="ReverseNodesInKGroup.cpp">
      <Filter>Solution1</Filter>
    </ClCompile>
    <ClCompile Include="SearchInRotatedSortedArrayII.cpp">
      <Filter>Solution1</Filter>
    </ClCompile>
    <ClCompile Include="IntegerToRoman.cpp">
      <Filter>Solution1</Filter>
    </ClCompile>
    <ClCompile Include="RomanToInteger.cpp">
      <Filter>Solution1</Filter>
    </ClCompile>
    <ClCompile Include="WordBreak.cpp">
      <Filter>Solution1</Filter>
    </ClCompile>
    <ClCompile Include="WordBreakII.cpp">
      <Filter>Solution1</Filter>
    </ClCompile>
    <ClCompile Include="LongestConsecutiveSequence.cpp">
      <Filter>Solution1</Filter>
    </ClCompile>
    <ClCompile Include="NumberOf1Bits.cpp">
      <Filter>Solution1</Filter>
    </ClCompile>
    <ClCompile Include="PlusOne.cpp">
      <Filter>Solution1</Filter>
    </ClCompile>
    <ClCompile Include="ZigZagConversion.cpp">
      <Filter>Solution1</Filter>
    </ClCompile>
    <ClCompile Include="FactorialTrailingZeroes.cpp">
      <Filter>Solution1</Filter>
    </ClCompile>
    <ClCompile Include="PascalsTriangle.cpp">
      <Filter>Solution1</Filter>
    </ClCompile>
    <ClCompile Include="PascalsTriangleII.cpp">
      <Filter>Solution1</Filter>
    </ClCompile>
    <ClCompile Include="LinkedListCycle.cpp">
      <Filter>Solution1</Filter>
    </ClCompile>
    <ClCompile Include="LinkedListCycleII.cpp">
      <Filter>Solution1</Filter>
    </ClCompile>
    <ClCompile Include="RotateArray.cpp">
      <Filter>Solution1</Filter>
    </ClCompile>
    <ClCompile Include="RotateImage.cpp">
      <Filter>Solution1</Filter>
    </ClCompile>
    <ClCompile Include="RotateList.cpp">
      <Filter>Solution1</Filter>
    </ClCompile>
    <ClCompile Include="FirstMissingPositive.cpp">
      <Filter>Solution1</Filter>
    </ClCompile>
    <ClCompile Include="FindMinimumInRotatedSortedArray.cpp">
      <Filter>Solution1</Filter>
    </ClCompile>
    <ClCompile Include="FindMinimumInRotatedSortedArrayII.cpp">
      <Filter>Solution1</Filter>
    </ClCompile>
    <ClCompile Include="UniquePaths.cpp">
      <Filter>Solution1</Filter>
    </ClCompile>
    <ClCompile Include="DecodeWays.cpp">
      <Filter>Solution1</Filter>
    </ClCompile>
    <ClCompile Include="EditDistance.cpp">
      <Filter>Solution1</Filter>
    </ClCompile>
    <ClCompile Include="MaximumSubarray.cpp">
      <Filter>Solution1</Filter>
    </ClCompile>
    <ClCompile Include="Combinations.cpp">
      <Filter>Solution1</Filter>
    </ClCompile>
    <ClCompile Include="CombinationSum.cpp">
      <Filter>Solution1</Filter>
    </ClCompile>
    <ClCompile Include="CombinationSumII.cpp">
      <Filter>Solution1</Filter>
    </ClCompile>
    <ClCompile Include="MedianOfTwoSortedArrays.cpp">
      <Filter>Solution1</Filter>
    </ClCompile>
    <ClCompile Include="PalindromeNumber.cpp">
      <Filter>Solution1</Filter>
    </ClCompile>
    <ClCompile Include="StringToInteger.cpp">
      <Filter>Solution1</Filter>
    </ClCompile>
    <ClCompile Include="LetterCombinationsOfAPhoneNumber .cpp">
      <Filter>Solution1</Filter>
    </ClCompile>
    <ClCompile Include="RemoveNthNodeFromEndOfList.cpp">
      <Filter>Solution1</Filter>
    </ClCompile>
    <ClCompile Include="SingleNumber.cpp">
      <Filter>Solution1</Filter>
    </ClCompile>
    <ClCompile Include="SingleNumberII.cpp">
      <Filter>Solution1</Filter>
    </ClCompile>
    <ClCompile Include="ValidParentheses.cpp">
      <Filter>Solution1</Filter>
    </ClCompile>
    <ClCompile Include="ValidPalindrome.cpp">
      <Filter>Solution1</Filter>
    </ClCompile>
    <ClCompile Include="ValidSudoku.cpp">
      <Filter>Solution1</Filter>
    </ClCompile>
    <ClCompile Include="SudokuSolver.cpp">
      <Filter>Solution1</Filter>
    </ClCompile>
    <ClCompile Include="RegularExpressionMatching.cpp">
      <Filter>Solution1</Filter>
    </ClCompile>
    <ClCompile Include="WildcardMatching.cpp">
      <Filter>Solution1</Filter>
    </ClCompile>
    <ClCompile Include="MinimumPathSum.cpp">
      <Filter>Solution1</Filter>
    </ClCompile>
    <ClCompile Include="Triangle.cpp">
      <Filter>Solution1</Filter>
    </ClCompile>
    <ClCompile Include="InterleavingString.cpp">
      <Filter>Solution1</Filter>
    </ClCompile>
    <ClCompile Include="MergeTwoSortedLists.cpp">
      <Filter>Solution1</Filter>
    </ClCompile>
    <ClCompile Include="MergeKSortedLists.cpp">
      <Filter>Solution1</Filter>
    </ClCompile>
    <ClCompile Include="GenerateParentheses.cpp">
      <Filter>Solution1</Filter>
    </ClCompile>
    <ClCompile Include="SwapNodesInPairs.cpp">
      <Filter>Solution1</Filter>
    </ClCompile>
    <ClCompile Include="RemoveDuplicatesFromSortedArray.cpp">
      <Filter>Solution1</Filter>
    </ClCompile>
    <ClCompile Include="RemoveElement.cpp">
      <Filter>Solution1</Filter>
    </ClCompile>
    <ClCompile Include="DivideTwoIntegers.cpp">
      <Filter>Solution1</Filter>
    </ClCompile>
    <ClCompile Include="RemoveDuplicatesfromSortedList.cpp">
      <Filter>Solution1</Filter>
    </ClCompile>
    <ClCompile Include="NextPermutation.cpp">
      <Filter>Solution1</Filter>
    </ClCompile>
    <ClCompile Include="CountAndSay.cpp">
      <Filter>Solution1</Filter>
    </ClCompile>
    <ClCompile Include="LengthOfLastWord.cpp">
      <Filter>Solution1</Filter>
    </ClCompile>
    <ClCompile Include="RemoveDuplicatesFromSortedListII.cpp">
      <Filter>Solution1</Filter>
    </ClCompile>
    <ClCompile Include="PartitionList.cpp">
      <Filter>Solution1</Filter>
    </ClCompile>
    <ClCompile Include="SortList.cpp">
      <Filter>Solution1</Filter>
    </ClCompile>
    <ClCompile Include="ReorderList.cpp">
      <Filter>Solution1</Filter>
    </ClCompile>
    <ClCompile Include="IntersectionOfTwoLinkedLists.cpp">
      <Filter>Solution1</Filter>
    </ClCompile>
    <ClCompile Include="InsertionSortList.cpp">
      <Filter>Solution1</Filter>
    </ClCompile>
    <ClCompile Include="ContainerWithMostWater.cpp">
      <Filter>Solution1</Filter>
    </ClCompile>
    <ClCompile Include="ImplementStrStr.cpp">
      <Filter>Solution1</Filter>
    </ClCompile>
    <ClCompile Include="SubstringWithConcatenationOfAllWords.cpp">
      <Filter>Solution1</Filter>
    </ClCompile>
    <ClCompile Include="Permutations.cpp">
      <Filter>Solution1</Filter>
    </ClCompile>
    <ClCompile Include="PermutationsII.cpp">
      <Filter>Solution1</Filter>
    </ClCompile>
    <ClCompile Include="Pow.cpp">
      <Filter>Solution1</Filter>
    </ClCompile>
    <ClCompile Include="Subsets.cpp">
      <Filter>Solution1</Filter>
    </ClCompile>
    <ClCompile Include="SubsetsII.cpp">
      <Filter>Solution1</Filter>
    </ClCompile>
    <ClCompile Include="GrayCode.cpp">
      <Filter>Solution1</Filter>
    </ClCompile>
    <ClCompile Include="CopyListWithRandomPointer.cpp">
      <Filter>Solution1</Filter>
    </ClCompile>
    <ClCompile Include="ConvertSortedListToBinarySearchTree.cpp">
      <Filter>Solution1</Filter>
    </ClCompile>
    <ClCompile Include="SearchForARange.cpp">
      <Filter>Solution1</Filter>
    </ClCompile>
    <ClCompile Include="MergeSortedArray.cpp">
      <Filter>Solution1</Filter>
    </ClCompile>
    <ClCompile Include="MajorityElement.cpp">
      <Filter>Solution1</Filter>
    </ClCompile>
    <ClCompile Include="ExcelSheetColumnNumber.cpp">
      <Filter>Solution1</Filter>
    </ClCompile>
    <ClCompile Include="ExcelSheetColumnTitle.cpp">
      <Filter>Solution1</Filter>
    </ClCompile>
    <ClCompile Include="CompareVersionNumbers.cpp">
      <Filter>Solution1</Filter>
    </ClCompile>
    <ClCompile Include="SearchInsertionPosition.cpp">
      <Filter>Solution1</Filter>
    </ClCompile>
    <ClCompile Include="ClimbingStairs.cpp">
      <Filter>Solution1</Filter>
    </ClCompile>
    <ClCompile Include="MaximalRectangle.cpp">
      <Filter>Solution1</Filter>
    </ClCompile>
    <ClCompile Include="LargestRectangleInHistogram.cpp">
      <Filter>Solution1</Filter>
    </ClCompile>
    <ClCompile Include="TrappingRainWater.cpp">
      <Filter>Solution1</Filter>
    </ClCompile>
    <ClCompile Include="BitwiseAndOfNumbersRange.cpp">
      <Filter>Solution1</Filter>
    </ClCompile>
    <ClCompile Include="MultiplyStrings.cpp">
      <Filter>Solution1</Filter>
    </ClCompile>
    <ClCompile Include="JumpGame.cpp">
      <Filter>Solution1</Filter>
    </ClCompile>
    <ClCompile Include="JumpGameII.cpp">
      <Filter>Solution1</Filter>
    </ClCompile>
    <ClCompile Include="NQueens.cpp">
      <Filter>Solution1</Filter>
    </ClCompile>
    <ClCompile Include="NQueensII.cpp">
      <Filter>Solution1</Filter>
    </ClCompile>
    <ClCompile Include="HouseRobber.cpp">
      <Filter>Solution1</Filter>
    </ClCompile>
    <ClCompile Include="SpiralMatrix.cpp">
      <Filter>Solution1</Filter>
    </ClCompile>
    <ClCompile Include="SpiralMatrixII.cpp">
      <Filter>Solution1</Filter>
    </ClCompile>
    <ClCompile Include="Sqrt.cpp">
      <Filter>Solution1</Filter>
    </ClCompile>
    <ClCompile Include="MergeIntervals.cpp">
      <Filter>Solution1</Filter>
    </ClCompile>
    <ClCompile Include="InsertInterval.cpp">
      <Filter>Solution1</Filter>
    </ClCompile>
    <ClCompile Include="PermutationSequence.cpp">
      <Filter>Solution1</Filter>
    </ClCompile>
    <ClCompile Include="SetMatrixZeroes.cpp">
      <Filter>Solution1</Filter>
    </ClCompile>
    <ClCompile Include="SameTree.cpp">
      <Filter>Solution1</Filter>
    </ClCompile>
    <ClCompile Include="RemoveLinkedListElements.cpp">
      <Filter>Solution1</Filter>
    </ClCompile>
    <ClCompile Include="PathSum.cpp">
      <Filter>Solution1</Filter>
    </ClCompile>
    <ClCompile Include="ValidNumber.cpp">
      <Filter>Solution1</Filter>
    </ClCompile>
    <ClCompile Include="TextJustification.cpp">
      <Filter>Solution1</Filter>
    </ClCompile>
    <ClCompile Include="SimplifyPath.cpp">
      <Filter>Solution1</Filter>
    </ClCompile>
    <ClCompile Include="SearchA2DMatrix.cpp">
      <Filter>Solution1</Filter>
    </ClCompile>
    <ClCompile Include="SortColors.cpp">
      <Filter>Solution1</Filter>
    </ClCompile>
    <ClCompile Include="WordSearch.cpp">
      <Filter>Solution1</Filter>
    </ClCompile>
    <ClCompile Include="RemoveDuplicatesFromSortedArrayII.cpp">
      <Filter>Solution1</Filter>
    </ClCompile>
    <ClCompile Include="RestoreIPAddresses.cpp">
      <Filter>Solution1</Filter>
    </ClCompile>
    <ClCompile Include="UniqueBinarySearchTrees.cpp">
      <Filter>Solution1</Filter>
    </ClCompile>
    <ClCompile Include="BalancedBinaryTree.cpp">
      <Filter>Solution1</Filter>
    </ClCompile>
    <ClCompile Include="BinaryTreeLevelOrderTraversalII.cpp">
      <Filter>Solution1</Filter>
    </ClCompile>
    <ClCompile Include="PathSumII.cpp">
      <Filter>Solution1</Filter>
    </ClCompile>
    <ClCompile Include="BinarySearchTreeIterator.cpp">
      <Filter>Solution1</Filter>
    </ClCompile>
    <ClCompile Include="SumRootToLeafNumbers.cpp">
      <Filter>Solution1</Filter>
    </ClCompile>
    <ClCompile Include="BinaryTreePreorderTraversal.cpp">
      <Filter>Solution1</Filter>
    </ClCompile>
    <ClCompile Include="FlattenBinaryTreeToLinkedList.cpp">
      <Filter>Solution1</Filter>
    </ClCompile>
    <ClCompile Include="ConstructBinaryTreeFromPreorderAndInorderTraversal.cpp">
      <Filter>Solution1</Filter>
    </ClCompile>
    <ClCompile Include="ConstructBinaryTreeFromInorderAndPostorderTraversal.cpp">
      <Filter>Solution1</Filter>
    </ClCompile>
    <ClCompile Include="BinaryTreeRightSideView.cpp">
      <Filter>Solution1</Filter>
    </ClCompile>
    <ClCompile Include="UniquePathsII.cpp">
      <Filter>Solution1</Filter>
    </ClCompile>
    <ClCompile Include="UniqueBinarySearchTreesII.cpp">
      <Filter>Solution1</Filter>
    </ClCompile>
    <ClCompile Include="ConvertSortedArrayToBinarySearchTree.cpp">
      <Filter>Solution1</Filter>
    </ClCompile>
    <ClCompile Include="PopulatingNextRightPointersInEachNode.cpp">
      <Filter>Solution1</Filter>
    </ClCompile>
    <ClCompile Include="PopulatingNextRightPointersInEachNodeII.cpp">
      <Filter>Solution1</Filter>
    </ClCompile>
    <ClCompile Include="BinaryTreeInorderTraversal.cpp">
      <Filter>Solution1</Filter>
    </ClCompile>
    <ClCompile Include="ValidateBinarySearchTree.cpp">
      <Filter>Solution1</Filter>
    </ClCompile>
    <ClCompile Include="BinaryTreePostorderTraversal.cpp">
      <Filter>Solution1</Filter>
    </ClCompile>
    <ClCompile Include="BinaryTreeMaximumPathSum.cpp">
      <Filter>Solution1</Filter>
    </ClCompile>
    <ClCompile Include="RecoverBinarySearchTree.cpp">
      <Filter>Solution1</Filter>
    </ClCompile>
    <ClCompile Include="HappyNumber.cpp">
      <Filter>Solution1</Filter>
    </ClCompile>
    <ClCompile Include="IsomorphicStrings.cpp">
      <Filter>Solution1</Filter>
    </ClCompile>
    <ClCompile Include="ReadNCharactersGivenRead4.cpp">
      <Filter>Solution1</Filter>
    </ClCompile>
    <ClCompile Include="LargestNumber.cpp">
      <Filter>Solution1</Filter>
    </ClCompile>
    <ClCompile Include="GasStation.cpp">
      <Filter>Solution1</Filter>
    </ClCompile>
    <ClCompile Include="ReverseLinkedList.cpp">
      <Filter>Solution1</Filter>
    </ClCompile>
    <ClCompile Include="MinimumWindowSubstring.cpp">
      <Filter>Solution1</Filter>
    </ClCompile>
    <ClCompile Include="NumberOfIslands.cpp">
      <Filter>Solution1</Filter>
    </ClCompile>
    <ClCompile Include="MinimumSizeSubarraySum.cpp">
      <Filter>Solution1</Filter>
    </ClCompile>
    <ClCompile Include="CloneGraph.cpp">
      <Filter>Solution1</Filter>
    </ClCompile>
    <ClCompile Include="MinStack.cpp">
      <Filter>Solution1</Filter>
    </ClCompile>
    <ClCompile Include="CountPrimes.cpp">
      <Filter>Solution1</Filter>
    </ClCompile>
    <ClCompile Include="PalindromePartitioning.cpp">
      <Filter>Solution1</Filter>
    </ClCompile>
    <ClCompile Include="PalindromePartitioningII.cpp">
      <Filter>Solution1</Filter>
    </ClCompile>
    <ClCompile Include="TwoSumII.cpp">
      <Filter>Solution1</Filter>
    </ClCompile>
    <ClCompile Include="TwoSumIII.cpp">
      <Filter>Solution1</Filter>
    </ClCompile>
    <ClCompile Include="SurroundedRegions.cpp">
      <Filter>Solution1</Filter>
    </ClCompile>
    <ClCompile Include="WordLadder.cpp">
      <Filter>Solution1</Filter>
    </ClCompile>
    <ClCompile Include="WordLadderII.cpp">
      <Filter>Solution1</Filter>
    </ClCompile>
    <ClCompile Include="FindPeakElement.cpp">
      <Filter>Solution1</Filter>
    </ClCompile>
    <ClCompile Include="EvaluateReversePolishNotation.cpp">
      <Filter>Solution1</Filter>
    </ClCompile>
    <ClCompile Include="BestTimeToBuyAndSellStock.cpp">
      <Filter>Solution1</Filter>
    </ClCompile>
    <ClCompile Include="BestTimeToBuyAndSellStockII.cpp">
      <Filter>Solution1</Filter>
    </ClCompile>
    <ClCompile Include="BestTimeToBuyAndSellStockIII.cpp">
      <Filter>Solution1</Filter>
    </ClCompile>
    <ClCompile Include="BestTimeToBuyAndSellStockIV.cpp">
      <Filter>Solution1</Filter>
    </ClCompile>
    <ClCompile Include="ContainsDuplicate.cpp">
      <Filter>Solution1</Filter>
    </ClCompile>
    <ClCompile Include="ContainsDuplicateII.cpp">
      <Filter>Solution1</Filter>
    </ClCompile>
    <ClCompile Include="InvertBinaryTree.cpp">
      <Filter>Solution1</Filter>
    </ClCompile>
    <ClCompile Include="RectangleArea.cpp">
      <Filter>Solution1</Filter>
    </ClCompile>
    <ClCompile Include="MaximumProductSubarray.cpp">
      <Filter>Solution1</Filter>
    </ClCompile>
    <ClCompile Include="CombinationSumIII.cpp">
      <Filter>Solution1</Filter>
    </ClCompile>
    <ClCompile Include="KthLargestElementInAnArray.cpp">
      <Filter>Solution1</Filter>
    </ClCompile>
  </ItemGroup>
</Project>